
Microsoft Visual Studio Solution File, Format Version 12.00
# Visual Studio 14
VisualStudioVersion = 14.0.23107.0
MinimumVisualStudioVersion = 10.0.40219.1
Project("{F2A71F9B-5D33-465A-A702-920D77279786}") = "RoslynCodeAnalyzers", "RoslynCodeAnalyzers\RoslynCodeAnalyzers.fsproj", "{379F844F-D29A-4539-9189-B6463652B411}"
EndProject
Project("{FAE04EC0-301F-11D3-BF4B-00C04F79EFBC}") = "CodeAnalyzers.Vsix", "CodeAnalyzers.Vsix\CodeAnalyzers.Vsix.csproj", "{DDCC725E-A4DB-4C25-8065-E65C26FDE3E8}"
EndProject
Global
	GlobalSection(SolutionConfigurationPlatforms) = preSolution
		Debug|Any CPU = Debug|Any CPU
		Release|Any CPU = Release|Any CPU
	EndGlobalSection
	GlobalSection(ProjectConfigurationPlatforms) = postSolution
		{379F844F-D29A-4539-9189-B6463652B411}.Debug|Any CPU.ActiveCfg = Debug|Any CPU
		{379F844F-D29A-4539-9189-B6463652B411}.Debug|Any CPU.Build.0 = Debug|Any CPU
		{379F844F-D29A-4539-9189-B6463652B411}.Release|Any CPU.ActiveCfg = Release|Any CPU
		{379F844F-D29A-4539-9189-B6463652B411}.Release|Any CPU.Build.0 = Release|Any CPU
		{DDCC725E-A4DB-4C25-8065-E65C26FDE3E8}.Debug|Any CPU.ActiveCfg = Debug|Any CPU
		{DDCC725E-A4DB-4C25-8065-E65C26FDE3E8}.Debug|Any CPU.Build.0 = Debug|Any CPU
		{DDCC725E-A4DB-4C25-8065-E65C26FDE3E8}.Release|Any CPU.ActiveCfg = Release|Any CPU
		{DDCC725E-A4DB-4C25-8065-E65C26FDE3E8}.Release|Any CPU.Build.0 = Release|Any CPU
	EndGlobalSection
	GlobalSection(SolutionProperties) = preSolution
		HideSolutionNode = FALSE
	EndGlobalSection
EndGlobal
